
Microsoft Visual Studio Solution File, Format Version 12.00
# Visual Studio Version 17
VisualStudioVersion = 17.8.34322.80
MinimumVisualStudioVersion = 10.0.40219.1
Project("{FAE04EC0-301F-11D3-BF4B-00C04F79EFBC}") = "Model", "Model.csproj", "{AA88690C-E737-4503-96C4-9B19B5EBBD38}"
EndProject
Global
	GlobalSection(SolutionConfigurationPlatforms) = preSolution
		Debug|Any CPU = Debug|Any CPU
		Release|Any CPU = Release|Any CPU
	EndGlobalSection
	GlobalSection(ProjectConfigurationPlatforms) = postSolution
		{AA88690C-E737-4503-96C4-9B19B5EBBD38}.Debug|Any CPU.ActiveCfg = Debug|Any CPU
		{AA88690C-E737-4503-96C4-9B19B5EBBD38}.Debug|Any CPU.Build.0 = Debug|Any CPU
		{AA88690C-E737-4503-96C4-9B19B5EBBD38}.Release|Any CPU.ActiveCfg = Release|Any CPU
		{AA88690C-E737-4503-96C4-9B19B5EBBD38}.Release|Any CPU.Build.0 = Release|Any CPU
	EndGlobalSection
	GlobalSection(SolutionProperties) = preSolution
		HideSolutionNode = FALSE
	EndGlobalSection
	GlobalSection(ExtensibilityGlobals) = postSolution
		SolutionGuid = {CF40975B-903C-4A98-AEF4-F97CFED21494}
	EndGlobalSection
EndGlobal
