
Microsoft Visual Studio Solution File, Format Version 12.00
Project("{FAE04EC0-301F-11D3-BF4B-00C04F79EFBC}") = "Controllers", "Controllers\Controllers.csproj", "{D4B47FC1-EA72-449C-BA52-DF1ABEE7D5A6}"
EndProject
Project("{FAE04EC0-301F-11D3-BF4B-00C04F79EFBC}") = "DataSource", "DataSource\DataSource.csproj", "{97C5821E-57B9-4DA8-860B-DA26766B2727}"
EndProject
Project("{FAE04EC0-301F-11D3-BF4B-00C04F79EFBC}") = "Domain", "Domain\Domain.csproj", "{57DDC053-45BA-4181-B1D1-278FF42E3230}"
EndProject
Project("{FAE04EC0-301F-11D3-BF4B-00C04F79EFBC}") = "Scott", "Scott\Scott.csproj", "{278E6DA8-FFA8-45DF-9519-078445577B38}"
EndProject
Project("{FAE04EC0-301F-11D3-BF4B-00C04F79EFBC}") = "Application", "Application\Application.csproj", "{F42FBFE2-92F8-43E4-BB34-8FAEE891561D}"
EndProject
Global
	GlobalSection(SolutionConfigurationPlatforms) = preSolution
		Debug|Any CPU = Debug|Any CPU
		Release|Any CPU = Release|Any CPU
	EndGlobalSection
	GlobalSection(ProjectConfigurationPlatforms) = postSolution
		{D4B47FC1-EA72-449C-BA52-DF1ABEE7D5A6}.Debug|Any CPU.ActiveCfg = Debug|Any CPU
		{D4B47FC1-EA72-449C-BA52-DF1ABEE7D5A6}.Debug|Any CPU.Build.0 = Debug|Any CPU
		{D4B47FC1-EA72-449C-BA52-DF1ABEE7D5A6}.Release|Any CPU.ActiveCfg = Release|Any CPU
		{D4B47FC1-EA72-449C-BA52-DF1ABEE7D5A6}.Release|Any CPU.Build.0 = Release|Any CPU
		{97C5821E-57B9-4DA8-860B-DA26766B2727}.Debug|Any CPU.ActiveCfg = Debug|Any CPU
		{97C5821E-57B9-4DA8-860B-DA26766B2727}.Debug|Any CPU.Build.0 = Debug|Any CPU
		{97C5821E-57B9-4DA8-860B-DA26766B2727}.Release|Any CPU.ActiveCfg = Release|Any CPU
		{97C5821E-57B9-4DA8-860B-DA26766B2727}.Release|Any CPU.Build.0 = Release|Any CPU
		{57DDC053-45BA-4181-B1D1-278FF42E3230}.Debug|Any CPU.ActiveCfg = Debug|Any CPU
		{57DDC053-45BA-4181-B1D1-278FF42E3230}.Debug|Any CPU.Build.0 = Debug|Any CPU
		{57DDC053-45BA-4181-B1D1-278FF42E3230}.Release|Any CPU.ActiveCfg = Release|Any CPU
		{57DDC053-45BA-4181-B1D1-278FF42E3230}.Release|Any CPU.Build.0 = Release|Any CPU
		{278E6DA8-FFA8-45DF-9519-078445577B38}.Debug|Any CPU.ActiveCfg = Debug|Any CPU
		{278E6DA8-FFA8-45DF-9519-078445577B38}.Debug|Any CPU.Build.0 = Debug|Any CPU
		{278E6DA8-FFA8-45DF-9519-078445577B38}.Release|Any CPU.ActiveCfg = Release|Any CPU
		{278E6DA8-FFA8-45DF-9519-078445577B38}.Release|Any CPU.Build.0 = Release|Any CPU
		{F42FBFE2-92F8-43E4-BB34-8FAEE891561D}.Debug|Any CPU.ActiveCfg = Debug|Any CPU
		{F42FBFE2-92F8-43E4-BB34-8FAEE891561D}.Debug|Any CPU.Build.0 = Debug|Any CPU
		{F42FBFE2-92F8-43E4-BB34-8FAEE891561D}.Release|Any CPU.ActiveCfg = Release|Any CPU
		{F42FBFE2-92F8-43E4-BB34-8FAEE891561D}.Release|Any CPU.Build.0 = Release|Any CPU
	EndGlobalSection
EndGlobal
