
Microsoft Visual Studio Solution File, Format Version 12.00
# Visual Studio Version 17
VisualStudioVersion = 17.8.34322.80
MinimumVisualStudioVersion = 10.0.40219.1
Project("{9A19103F-16F7-4668-BE54-9A1E7A4F7556}") = "WinformsApp", "WinformsApp.csproj", "{740C865E-FFD1-4B38-8FE4-9CE66A2D3668}"
EndProject
Project("{9A19103F-16F7-4668-BE54-9A1E7A4F7556}") = "Domain", "..\Domain\Domain.csproj", "{35D42ED4-E050-4FC4-84A5-7CF26AE3E762}"
EndProject
Project("{9A19103F-16F7-4668-BE54-9A1E7A4F7556}") = "DataSource", "..\DataSource\DataSource.csproj", "{0E8A9E31-C887-4A22-96D8-68E5BC2CB53E}"
EndProject
Project("{9A19103F-16F7-4668-BE54-9A1E7A4F7556}") = "Controllers", "..\Controllers\Controllers.csproj", "{8A2294C0-A686-4399-B216-E6016D85F9DA}"
EndProject
Project("{9A19103F-16F7-4668-BE54-9A1E7A4F7556}") = "Scott", "..\Scott\Scott.csproj", "{F8AE781D-D5BF-424B-A108-6CCA9C7735A3}"
EndProject
Global
	GlobalSection(SolutionConfigurationPlatforms) = preSolution
		Debug|Any CPU = Debug|Any CPU
		Release|Any CPU = Release|Any CPU
	EndGlobalSection
	GlobalSection(ProjectConfigurationPlatforms) = postSolution
		{740C865E-FFD1-4B38-8FE4-9CE66A2D3668}.Debug|Any CPU.ActiveCfg = Debug|Any CPU
		{740C865E-FFD1-4B38-8FE4-9CE66A2D3668}.Debug|Any CPU.Build.0 = Debug|Any CPU
		{740C865E-FFD1-4B38-8FE4-9CE66A2D3668}.Release|Any CPU.ActiveCfg = Release|Any CPU
		{740C865E-FFD1-4B38-8FE4-9CE66A2D3668}.Release|Any CPU.Build.0 = Release|Any CPU
		{35D42ED4-E050-4FC4-84A5-7CF26AE3E762}.Debug|Any CPU.ActiveCfg = Debug|Any CPU
		{35D42ED4-E050-4FC4-84A5-7CF26AE3E762}.Debug|Any CPU.Build.0 = Debug|Any CPU
		{35D42ED4-E050-4FC4-84A5-7CF26AE3E762}.Release|Any CPU.ActiveCfg = Release|Any CPU
		{35D42ED4-E050-4FC4-84A5-7CF26AE3E762}.Release|Any CPU.Build.0 = Release|Any CPU
		{0E8A9E31-C887-4A22-96D8-68E5BC2CB53E}.Debug|Any CPU.ActiveCfg = Debug|Any CPU
		{0E8A9E31-C887-4A22-96D8-68E5BC2CB53E}.Debug|Any CPU.Build.0 = Debug|Any CPU
		{0E8A9E31-C887-4A22-96D8-68E5BC2CB53E}.Release|Any CPU.ActiveCfg = Release|Any CPU
		{0E8A9E31-C887-4A22-96D8-68E5BC2CB53E}.Release|Any CPU.Build.0 = Release|Any CPU
		{8A2294C0-A686-4399-B216-E6016D85F9DA}.Debug|Any CPU.ActiveCfg = Debug|Any CPU
		{8A2294C0-A686-4399-B216-E6016D85F9DA}.Debug|Any CPU.Build.0 = Debug|Any CPU
		{8A2294C0-A686-4399-B216-E6016D85F9DA}.Release|Any CPU.ActiveCfg = Release|Any CPU
		{8A2294C0-A686-4399-B216-E6016D85F9DA}.Release|Any CPU.Build.0 = Release|Any CPU
		{F8AE781D-D5BF-424B-A108-6CCA9C7735A3}.Debug|Any CPU.ActiveCfg = Debug|Any CPU
		{F8AE781D-D5BF-424B-A108-6CCA9C7735A3}.Debug|Any CPU.Build.0 = Debug|Any CPU
		{F8AE781D-D5BF-424B-A108-6CCA9C7735A3}.Release|Any CPU.ActiveCfg = Release|Any CPU
		{F8AE781D-D5BF-424B-A108-6CCA9C7735A3}.Release|Any CPU.Build.0 = Release|Any CPU
	EndGlobalSection
	GlobalSection(SolutionProperties) = preSolution
		HideSolutionNode = FALSE
	EndGlobalSection
	GlobalSection(ExtensibilityGlobals) = postSolution
		SolutionGuid = {C803CA46-CF2B-4A59-9B33-8A217AA71B4E}
	EndGlobalSection
EndGlobal
